<?xml version="1.0" encoding="utf-8"?>
<Project ToolsVersion="4.0" xmlns="http://schemas.microsoft.com/developer/msbuild/2003">
  <ItemGroup>
    <Filter Include="core">
      <UniqueIdentifier>{eb0c107f-5b5a-4c80-9efa-0647cdf29f6c}</UniqueIdentifier>
    </Filter>
    <Filter Include="scripting">
      <UniqueIdentifier>{921247d8-e2c0-463b-afc6-e0e43a621070}</UniqueIdentifier>
    </Filter>
    <Filter Include="scripting\UI">
      <UniqueIdentifier>{51ccc92a-d3bd-4c42-b9d7-afc6f95e520a}</UniqueIdentifier>
    </Filter>
    <Filter Include="scripting\Math">
      <UniqueIdentifier>{56aa5d32-293c-45fc-ac7e-2fc6fd6d805b}</UniqueIdentifier>
    </Filter>
    <Filter Include="scripting\World">
      <UniqueIdentifier>{428354b5-57e3-464b-bb2a-76121f7d78f1}</UniqueIdentifier>
    </Filter>
    <Filter Include="scripting\Game">
      <UniqueIdentifier>{bac85dbf-8d0b-4740-816d-1bd0c1542fdd}</UniqueIdentifier>
    </Filter>
    <Filter Include="scripting\NaturalMotion">
      <UniqueIdentifier>{7d70b8bd-e3f7-4ac8-975f-9757c66b19bb}</UniqueIdentifier>
    </Filter>
  </ItemGroup>
  <ItemGroup>
    <ClCompile Include="source\Main.cpp">
      <Filter>core</Filter>
    </ClCompile>
    <ClCompile Include="source\Native.cpp">
      <Filter>core</Filter>
    </ClCompile>
    <ClCompile Include="source\NativeMemory.cpp">
      <Filter>core</Filter>
    </ClCompile>
    <ClCompile Include="source\Script.cpp">
      <Filter>core</Filter>
    </ClCompile>
    <ClCompile Include="source\ScriptDomain.cpp">
      <Filter>core</Filter>
    </ClCompile>
    <ClCompile Include="source\Settings.cpp">
      <Filter>core</Filter>
    </ClCompile>
    <ClCompile Include="source\Quaternion.cpp">
      <Filter>scripting\Math</Filter>
    </ClCompile>
    <ClCompile Include="source\Matrix.cpp">
      <Filter>scripting\Math</Filter>
    </ClCompile>
    <ClCompile Include="source\Vector2.cpp">
      <Filter>scripting\Math</Filter>
    </ClCompile>
    <ClCompile Include="source\Vector3.cpp">
      <Filter>scripting\Math</Filter>
    </ClCompile>
    <ClCompile Include="source\UI.cpp">
      <Filter>scripting\UI</Filter>
    </ClCompile>
    <ClCompile Include="source\UIElement.cpp">
      <Filter>scripting\UI</Filter>
    </ClCompile>
    <ClCompile Include="source\Pickup.cpp">
      <Filter>scripting\World</Filter>
    </ClCompile>
    <ClCompile Include="source\Camera.cpp">
      <Filter>scripting\World</Filter>
    </ClCompile>
    <ClCompile Include="source\Blip.cpp">
      <Filter>scripting\World</Filter>
    </ClCompile>
    <ClCompile Include="source\Raycast.cpp">
      <Filter>scripting\World</Filter>
    </ClCompile>
    <ClCompile Include="source\World.cpp">
      <Filter>scripting\World</Filter>
    </ClCompile>
    <ClCompile Include="source\Scaleform.cpp">
      <Filter>scripting\UI</Filter>
    </ClCompile>
    <ClCompile Include="source\Rope.cpp">
      <Filter>scripting\World</Filter>
    </ClCompile>
    <ClCompile Include="source\Tasks.cpp">
      <Filter>scripting\World</Filter>
    </ClCompile>
    <ClCompile Include="source\Weapon.cpp">
      <Filter>scripting\World</Filter>
    </ClCompile>
    <ClCompile Include="source\Game.cpp">
      <Filter>scripting\Game</Filter>
    </ClCompile>
    <ClCompile Include="source\Entity.cpp">
      <Filter>scripting\World</Filter>
    </ClCompile>
    <ClCompile Include="source\Model.cpp">
      <Filter>scripting\World</Filter>
    </ClCompile>
    <ClCompile Include="source\Ped.cpp">
      <Filter>scripting\World</Filter>
    </ClCompile>
    <ClCompile Include="source\Player.cpp">
      <Filter>scripting\World</Filter>
    </ClCompile>
    <ClCompile Include="source\Vehicle.cpp">
      <Filter>scripting\World</Filter>
    </ClCompile>
    <ClCompile Include="source\Euphoria.cpp">
      <Filter>scripting\NaturalMotion</Filter>
    </ClCompile>
    <ClCompile Include="source\EuphoriaBase.cpp">
      <Filter>scripting\NaturalMotion</Filter>
    </ClCompile>
    <ClCompile Include="source\Light.cpp">
      <Filter>scripting\World</Filter>
    </ClCompile>
    <ClCompile Include="source\ScriptChild.cpp">
      <Filter>core</Filter>
    </ClCompile>
  </ItemGroup>
  <ItemGroup>
    <ClInclude Include="source\Native.hpp">
      <Filter>core</Filter>
    </ClInclude>
    <ClInclude Include="source\NativeHashes.hpp">
      <Filter>core</Filter>
    </ClInclude>
    <ClInclude Include="source\NativeMemory.hpp">
      <Filter>core</Filter>
    </ClInclude>
    <ClInclude Include="source\Script.hpp">
      <Filter>core</Filter>
    </ClInclude>
    <ClInclude Include="source\ScriptDomain.hpp">
      <Filter>core</Filter>
    </ClInclude>
    <ClInclude Include="source\Settings.hpp">
      <Filter>core</Filter>
    </ClInclude>
    <ClInclude Include="source\Quaternion.hpp">
      <Filter>scripting\Math</Filter>
    </ClInclude>
    <ClInclude Include="source\Matrix.hpp">
      <Filter>scripting\Math</Filter>
    </ClInclude>
    <ClInclude Include="source\Vector2.hpp">
      <Filter>scripting\Math</Filter>
    </ClInclude>
    <ClInclude Include="source\Vector3.hpp">
      <Filter>scripting\Math</Filter>
    </ClInclude>
    <ClInclude Include="source\UIElement.hpp">
      <Filter>scripting\UI</Filter>
    </ClInclude>
    <ClInclude Include="source\UI.hpp">
      <Filter>scripting\UI</Filter>
    </ClInclude>
    <ClInclude Include="source\Pickup.hpp">
      <Filter>scripting\World</Filter>
    </ClInclude>
    <ClInclude Include="source\Camera.hpp">
      <Filter>scripting\World</Filter>
    </ClInclude>
    <ClInclude Include="source\Blip.hpp">
      <Filter>scripting\World</Filter>
    </ClInclude>
    <ClInclude Include="source\Raycast.hpp">
      <Filter>scripting\World</Filter>
    </ClInclude>
    <ClInclude Include="source\World.hpp">
      <Filter>scripting\World</Filter>
    </ClInclude>
    <ClInclude Include="source\Scaleform.hpp">
      <Filter>scripting\UI</Filter>
    </ClInclude>
    <ClInclude Include="source\Rope.hpp">
      <Filter>scripting\World</Filter>
    </ClInclude>
    <ClInclude Include="source\Tasks.hpp">
      <Filter>scripting\World</Filter>
    </ClInclude>
    <ClInclude Include="source\Weapon.hpp">
      <Filter>scripting\World</Filter>
    </ClInclude>
    <ClInclude Include="source\Game.hpp">
      <Filter>scripting\Game</Filter>
    </ClInclude>
    <ClInclude Include="source\Controls.hpp">
      <Filter>scripting\Game</Filter>
    </ClInclude>
    <ClInclude Include="source\Entity.hpp">
      <Filter>scripting\World</Filter>
    </ClInclude>
    <ClInclude Include="source\Model.hpp">
      <Filter>scripting\World</Filter>
    </ClInclude>
    <ClInclude Include="source\Ped.hpp">
      <Filter>scripting\World</Filter>
    </ClInclude>
    <ClInclude Include="source\PedHashes.hpp">
      <Filter>scripting\World</Filter>
    </ClInclude>
    <ClInclude Include="source\Player.hpp">
      <Filter>scripting\World</Filter>
    </ClInclude>
    <ClInclude Include="source\Prop.hpp">
      <Filter>scripting\World</Filter>
    </ClInclude>
    <ClInclude Include="source\Vehicle.hpp">
      <Filter>scripting\World</Filter>
    </ClInclude>
    <ClInclude Include="source\VehicleHashes.hpp">
      <Filter>scripting\World</Filter>
    </ClInclude>
    <ClInclude Include="source\WeaponHashes.hpp">
      <Filter>scripting\World</Filter>
    </ClInclude>
    <ClInclude Include="source\Euphoria.hpp">
      <Filter>scripting\NaturalMotion</Filter>
    </ClInclude>
    <ClInclude Include="source\EuphoriaBase.hpp">
      <Filter>scripting\NaturalMotion</Filter>
    </ClInclude>
    <ClInclude Include="source\EuphoriaHelpers.hpp">
      <Filter>scripting\NaturalMotion</Filter>
    </ClInclude>
    <ClInclude Include="source\Light.hpp">
      <Filter>scripting\World</Filter>
    </ClInclude>
    <ClInclude Include="source\ScriptChild.hpp">
      <Filter>core</Filter>
    </ClInclude>
  </ItemGroup>
</Project>