<?xml version="1.0" encoding="utf-8"?>
<Project ToolsVersion="4.0" xmlns="http://schemas.microsoft.com/developer/msbuild/2003">
  <ItemGroup>
    <ClCompile Include="src\Main.cpp" />
    <ClCompile Include="src\Native.cpp" />
    <ClCompile Include="src\Script.cpp" />
    <ClCompile Include="src\ScriptDomain.cpp" />
  </ItemGroup>
  <ItemGroup>
    <ClInclude Include="src\Native.hpp" />
    <ClInclude Include="src\Script.hpp" />
    <ClInclude Include="src\ScriptDomain.hpp" />
  </ItemGroup>
</Project>