
Microsoft Visual Studio Solution File, Format Version 12.00
# Visual Studio 14
VisualStudioVersion = 14.0.25420.1
MinimumVisualStudioVersion = 12.0.40629.0
Project("{8BC9CEB8-8B4A-11D0-8D11-00A0C91BC942}") = "Loader", "Loader.vcxproj", "{B2933D8F-F922-40BD-BB70-18622A81AB8F}"
EndProject
Project("{FAE04EC0-301F-11D3-BF4B-00C04F79EFBC}") = "ScriptHookVDotNetExamples", "ScriptHookVDotNetExamples.csproj", "{A717AD5D-C5B5-4769-BD40-F14C09F269BB}"
EndProject
Project("{FAE04EC0-301F-11D3-BF4B-00C04F79EFBC}") = "ScriptHookVDotNet", "ScriptHookVDotNet.csproj", "{61165C1A-6BFE-4776-B371-5A3FDB1A2ED7}"
EndProject
Global
	GlobalSection(SolutionConfigurationPlatforms) = preSolution
		Debug|Any CPU = Debug|Any CPU
		Debug|x64 = Debug|x64
		NativeGen|Any CPU = NativeGen|Any CPU
		NativeGen|x64 = NativeGen|x64
		Release + Examples|Any CPU = Release + Examples|Any CPU
		Release + Examples|x64 = Release + Examples|x64
		Release|Any CPU = Release|Any CPU
		Release|x64 = Release|x64
		Run NativeGen|Any CPU = Run NativeGen|Any CPU
		Run NativeGen|x64 = Run NativeGen|x64
	EndGlobalSection
	GlobalSection(ProjectConfigurationPlatforms) = postSolution
		{B2933D8F-F922-40BD-BB70-18622A81AB8F}.Debug|Any CPU.ActiveCfg = Debug|x64
		{B2933D8F-F922-40BD-BB70-18622A81AB8F}.Debug|x64.ActiveCfg = Debug|x64
		{B2933D8F-F922-40BD-BB70-18622A81AB8F}.Debug|x64.Build.0 = Debug|x64
		{B2933D8F-F922-40BD-BB70-18622A81AB8F}.NativeGen|Any CPU.ActiveCfg = Debug|x64
		{B2933D8F-F922-40BD-BB70-18622A81AB8F}.NativeGen|Any CPU.Build.0 = Debug|x64
		{B2933D8F-F922-40BD-BB70-18622A81AB8F}.NativeGen|x64.ActiveCfg = Debug|x64
		{B2933D8F-F922-40BD-BB70-18622A81AB8F}.NativeGen|x64.Build.0 = Debug|x64
		{B2933D8F-F922-40BD-BB70-18622A81AB8F}.Release + Examples|Any CPU.ActiveCfg = Debug|x64
		{B2933D8F-F922-40BD-BB70-18622A81AB8F}.Release + Examples|Any CPU.Build.0 = Debug|x64
		{B2933D8F-F922-40BD-BB70-18622A81AB8F}.Release + Examples|x64.ActiveCfg = Release|x64
		{B2933D8F-F922-40BD-BB70-18622A81AB8F}.Release + Examples|x64.Build.0 = Release|x64
		{B2933D8F-F922-40BD-BB70-18622A81AB8F}.Release|Any CPU.ActiveCfg = Release|x64
		{B2933D8F-F922-40BD-BB70-18622A81AB8F}.Release|x64.ActiveCfg = Release|x64
		{B2933D8F-F922-40BD-BB70-18622A81AB8F}.Release|x64.Build.0 = Release|x64
		{B2933D8F-F922-40BD-BB70-18622A81AB8F}.Run NativeGen|Any CPU.ActiveCfg = Debug|x64
		{B2933D8F-F922-40BD-BB70-18622A81AB8F}.Run NativeGen|Any CPU.Build.0 = Debug|x64
		{B2933D8F-F922-40BD-BB70-18622A81AB8F}.Run NativeGen|x64.ActiveCfg = Release|x64
		{A717AD5D-C5B5-4769-BD40-F14C09F269BB}.Debug|Any CPU.ActiveCfg = Release|x64
		{A717AD5D-C5B5-4769-BD40-F14C09F269BB}.Debug|Any CPU.Build.0 = Release|x64
		{A717AD5D-C5B5-4769-BD40-F14C09F269BB}.Debug|x64.ActiveCfg = Release|x64
		{A717AD5D-C5B5-4769-BD40-F14C09F269BB}.Debug|x64.Build.0 = Release|x64
		{A717AD5D-C5B5-4769-BD40-F14C09F269BB}.NativeGen|Any CPU.ActiveCfg = Release|x64
		{A717AD5D-C5B5-4769-BD40-F14C09F269BB}.NativeGen|Any CPU.Build.0 = Release|x64
		{A717AD5D-C5B5-4769-BD40-F14C09F269BB}.NativeGen|x64.ActiveCfg = Release|x64
		{A717AD5D-C5B5-4769-BD40-F14C09F269BB}.NativeGen|x64.Build.0 = Release|x64
		{A717AD5D-C5B5-4769-BD40-F14C09F269BB}.Release + Examples|Any CPU.ActiveCfg = Release|x64
		{A717AD5D-C5B5-4769-BD40-F14C09F269BB}.Release + Examples|Any CPU.Build.0 = Release|x64
		{A717AD5D-C5B5-4769-BD40-F14C09F269BB}.Release + Examples|x64.ActiveCfg = Release|x64
		{A717AD5D-C5B5-4769-BD40-F14C09F269BB}.Release + Examples|x64.Build.0 = Release|x64
		{A717AD5D-C5B5-4769-BD40-F14C09F269BB}.Release|Any CPU.ActiveCfg = Release|x64
		{A717AD5D-C5B5-4769-BD40-F14C09F269BB}.Release|x64.ActiveCfg = Release|x64
		{A717AD5D-C5B5-4769-BD40-F14C09F269BB}.Run NativeGen|Any CPU.ActiveCfg = Release|x64
		{A717AD5D-C5B5-4769-BD40-F14C09F269BB}.Run NativeGen|Any CPU.Build.0 = Release|x64
		{A717AD5D-C5B5-4769-BD40-F14C09F269BB}.Run NativeGen|x64.ActiveCfg = Release|x64
		{61165C1A-6BFE-4776-B371-5A3FDB1A2ED7}.Debug|Any CPU.ActiveCfg = Debug|Any CPU
		{61165C1A-6BFE-4776-B371-5A3FDB1A2ED7}.Debug|Any CPU.Build.0 = Debug|Any CPU
		{61165C1A-6BFE-4776-B371-5A3FDB1A2ED7}.Debug|x64.ActiveCfg = Debug|Any CPU
		{61165C1A-6BFE-4776-B371-5A3FDB1A2ED7}.Debug|x64.Build.0 = Debug|Any CPU
		{61165C1A-6BFE-4776-B371-5A3FDB1A2ED7}.NativeGen|Any CPU.ActiveCfg = Release|Any CPU
		{61165C1A-6BFE-4776-B371-5A3FDB1A2ED7}.NativeGen|Any CPU.Build.0 = Release|Any CPU
		{61165C1A-6BFE-4776-B371-5A3FDB1A2ED7}.NativeGen|x64.ActiveCfg = Release|Any CPU
		{61165C1A-6BFE-4776-B371-5A3FDB1A2ED7}.NativeGen|x64.Build.0 = Release|Any CPU
		{61165C1A-6BFE-4776-B371-5A3FDB1A2ED7}.Release + Examples|Any CPU.ActiveCfg = Release|Any CPU
		{61165C1A-6BFE-4776-B371-5A3FDB1A2ED7}.Release + Examples|Any CPU.Build.0 = Release|Any CPU
		{61165C1A-6BFE-4776-B371-5A3FDB1A2ED7}.Release + Examples|x64.ActiveCfg = Release|Any CPU
		{61165C1A-6BFE-4776-B371-5A3FDB1A2ED7}.Release + Examples|x64.Build.0 = Release|Any CPU
		{61165C1A-6BFE-4776-B371-5A3FDB1A2ED7}.Release|Any CPU.ActiveCfg = Release|Any CPU
		{61165C1A-6BFE-4776-B371-5A3FDB1A2ED7}.Release|Any CPU.Build.0 = Release|Any CPU
		{61165C1A-6BFE-4776-B371-5A3FDB1A2ED7}.Release|x64.ActiveCfg = Release|Any CPU
		{61165C1A-6BFE-4776-B371-5A3FDB1A2ED7}.Release|x64.Build.0 = Release|Any CPU
		{61165C1A-6BFE-4776-B371-5A3FDB1A2ED7}.Run NativeGen|Any CPU.ActiveCfg = Release|Any CPU
		{61165C1A-6BFE-4776-B371-5A3FDB1A2ED7}.Run NativeGen|Any CPU.Build.0 = Release|Any CPU
		{61165C1A-6BFE-4776-B371-5A3FDB1A2ED7}.Run NativeGen|x64.ActiveCfg = Release|Any CPU
		{61165C1A-6BFE-4776-B371-5A3FDB1A2ED7}.Run NativeGen|x64.Build.0 = Release|Any CPU
	EndGlobalSection
	GlobalSection(SolutionProperties) = preSolution
		HideSolutionNode = FALSE
	EndGlobalSection
EndGlobal
