<?xml version="1.0" encoding="utf-8"?>
<Project ToolsVersion="4.0" xmlns="http://schemas.microsoft.com/developer/msbuild/2003">
  <ItemGroup>
    <Filter Include="Core">
      <UniqueIdentifier>{eb0c107f-5b5a-4c80-9efa-0647cdf29f6c}</UniqueIdentifier>
    </Filter>
    <Filter Include="Math">
      <UniqueIdentifier>{56aa5d32-293c-45fc-ac7e-2fc6fd6d805b}</UniqueIdentifier>
    </Filter>
    <Filter Include="Scripting">
      <UniqueIdentifier>{921247d8-e2c0-463b-afc6-e0e43a621070}</UniqueIdentifier>
    </Filter>
    <Filter Include="Scripting\UI">
      <UniqueIdentifier>{c904d3b3-468b-4503-a8b5-f0c64f4863eb}</UniqueIdentifier>
    </Filter>
  </ItemGroup>
  <ItemGroup>
    <ClCompile Include="source\Log.cpp">
      <Filter>Core</Filter>
    </ClCompile>
    <ClCompile Include="source\Main.cpp">
      <Filter>Core</Filter>
    </ClCompile>
    <ClCompile Include="source\Native.cpp">
      <Filter>Core</Filter>
    </ClCompile>
    <ClCompile Include="source\Script.cpp">
      <Filter>Core</Filter>
    </ClCompile>
    <ClCompile Include="source\ScriptDomain.cpp">
      <Filter>Core</Filter>
    </ClCompile>
    <ClCompile Include="source\Settings.cpp">
      <Filter>Core</Filter>
    </ClCompile>
    <ClCompile Include="source\Quaternion.cpp">
      <Filter>Math</Filter>
    </ClCompile>
    <ClCompile Include="source\Matrix.cpp">
      <Filter>Math</Filter>
    </ClCompile>
    <ClCompile Include="source\Vector2.cpp">
      <Filter>Math</Filter>
    </ClCompile>
    <ClCompile Include="source\Vector3.cpp">
      <Filter>Math</Filter>
    </ClCompile>
    <ClCompile Include="source\Blip.cpp">
      <Filter>Scripting</Filter>
    </ClCompile>
    <ClCompile Include="source\Camera.cpp">
      <Filter>Scripting</Filter>
    </ClCompile>
    <ClCompile Include="source\Entity.cpp">
      <Filter>Scripting</Filter>
    </ClCompile>
    <ClCompile Include="source\Game.cpp">
      <Filter>Scripting</Filter>
    </ClCompile>
    <ClCompile Include="source\GameplayCamera.cpp">
      <Filter>Scripting</Filter>
    </ClCompile>
    <ClCompile Include="source\Model.cpp">
      <Filter>Scripting</Filter>
    </ClCompile>
    <ClCompile Include="source\Ped.cpp">
      <Filter>Scripting</Filter>
    </ClCompile>
    <ClCompile Include="source\Player.cpp">
      <Filter>Scripting</Filter>
    </ClCompile>
    <ClCompile Include="source\Prop.cpp">
      <Filter>Scripting</Filter>
    </ClCompile>
    <ClCompile Include="source\Raycast.cpp">
      <Filter>Scripting</Filter>
    </ClCompile>
    <ClCompile Include="source\Rope.cpp">
      <Filter>Scripting</Filter>
    </ClCompile>
    <ClCompile Include="source\Tasks.cpp">
      <Filter>Scripting</Filter>
    </ClCompile>
    <ClCompile Include="source\TaskSequence.cpp">
      <Filter>Scripting</Filter>
    </ClCompile>
    <ClCompile Include="source\Vehicle.cpp">
      <Filter>Scripting</Filter>
    </ClCompile>
    <ClCompile Include="source\Weapon.cpp">
      <Filter>Scripting</Filter>
    </ClCompile>
    <ClCompile Include="source\WeaponCollection.cpp">
      <Filter>Scripting</Filter>
    </ClCompile>
    <ClCompile Include="source\World.cpp">
      <Filter>Scripting</Filter>
    </ClCompile>
    <ClCompile Include="source\UI.cpp">
      <Filter>Scripting\UI</Filter>
    </ClCompile>
    <ClCompile Include="source\UIContainer.cpp">
      <Filter>Scripting\UI</Filter>
    </ClCompile>
    <ClCompile Include="source\UIRectangle.cpp">
      <Filter>Scripting\UI</Filter>
    </ClCompile>
    <ClCompile Include="source\UIText.cpp">
      <Filter>Scripting\UI</Filter>
    </ClCompile>
    <ClCompile Include="source\Menu.cpp">
      <Filter>Scripting\UI</Filter>
    </ClCompile>
    <ClCompile Include="source\MenuItem.cpp">
      <Filter>Scripting\UI</Filter>
    </ClCompile>
    <ClCompile Include="source\Viewport.cpp">
      <Filter>Scripting\UI</Filter>
    </ClCompile>
    <ClCompile Include="source\Scaleform.cpp">
      <Filter>Scripting</Filter>
    </ClCompile>
  </ItemGroup>
  <ItemGroup>
    <ClInclude Include="source\Log.hpp">
      <Filter>Core</Filter>
    </ClInclude>
    <ClInclude Include="source\Native.hpp">
      <Filter>Core</Filter>
    </ClInclude>
    <ClInclude Include="source\NativeHashes.hpp">
      <Filter>Core</Filter>
    </ClInclude>
    <ClInclude Include="source\Script.hpp">
      <Filter>Core</Filter>
    </ClInclude>
    <ClInclude Include="source\ScriptDomain.hpp">
      <Filter>Core</Filter>
    </ClInclude>
    <ClInclude Include="source\Settings.hpp">
      <Filter>Core</Filter>
    </ClInclude>
    <ClInclude Include="source\Quaternion.hpp">
      <Filter>Math</Filter>
    </ClInclude>
    <ClInclude Include="source\Matrix.hpp">
      <Filter>Math</Filter>
    </ClInclude>
    <ClInclude Include="source\Vector2.hpp">
      <Filter>Math</Filter>
    </ClInclude>
    <ClInclude Include="source\Vector3.hpp">
      <Filter>Math</Filter>
    </ClInclude>
    <ClInclude Include="source\Blip.hpp">
      <Filter>Scripting</Filter>
    </ClInclude>
    <ClInclude Include="source\Camera.hpp">
      <Filter>Scripting</Filter>
    </ClInclude>
    <ClInclude Include="source\Entity.hpp">
      <Filter>Scripting</Filter>
    </ClInclude>
    <ClInclude Include="source\Game.hpp">
      <Filter>Scripting</Filter>
    </ClInclude>
    <ClInclude Include="source\GameplayCamera.hpp">
      <Filter>Scripting</Filter>
    </ClInclude>
    <ClInclude Include="source\Model.hpp">
      <Filter>Scripting</Filter>
    </ClInclude>
    <ClInclude Include="source\Ped.hpp">
      <Filter>Scripting</Filter>
    </ClInclude>
    <ClInclude Include="source\PedHashes.hpp">
      <Filter>Scripting</Filter>
    </ClInclude>
    <ClInclude Include="source\Player.hpp">
      <Filter>Scripting</Filter>
    </ClInclude>
    <ClInclude Include="source\Prop.hpp">
      <Filter>Scripting</Filter>
    </ClInclude>
    <ClInclude Include="source\Raycast.hpp">
      <Filter>Scripting</Filter>
    </ClInclude>
    <ClInclude Include="source\Rope.hpp">
      <Filter>Scripting</Filter>
    </ClInclude>
    <ClInclude Include="source\Tasks.hpp">
      <Filter>Scripting</Filter>
    </ClInclude>
    <ClInclude Include="source\TaskSequence.hpp">
      <Filter>Scripting</Filter>
    </ClInclude>
    <ClInclude Include="source\Vehicle.hpp">
      <Filter>Scripting</Filter>
    </ClInclude>
    <ClInclude Include="source\VehicleHashes.hpp">
      <Filter>Scripting</Filter>
    </ClInclude>
    <ClInclude Include="source\Weapon.hpp">
      <Filter>Scripting</Filter>
    </ClInclude>
    <ClInclude Include="source\WeaponCollection.hpp">
      <Filter>Scripting</Filter>
    </ClInclude>
    <ClInclude Include="source\WeaponHashes.hpp">
      <Filter>Scripting</Filter>
    </ClInclude>
    <ClInclude Include="source\World.hpp">
      <Filter>Scripting</Filter>
    </ClInclude>
    <ClInclude Include="source\UI.hpp">
      <Filter>Scripting\UI</Filter>
    </ClInclude>
    <ClInclude Include="source\UIContainer.hpp">
      <Filter>Scripting\UI</Filter>
    </ClInclude>
    <ClInclude Include="source\UIElement.hpp">
      <Filter>Scripting\UI</Filter>
    </ClInclude>
    <ClInclude Include="source\UIRectangle.hpp">
      <Filter>Scripting\UI</Filter>
    </ClInclude>
    <ClInclude Include="source\UIText.hpp">
      <Filter>Scripting\UI</Filter>
    </ClInclude>
    <ClInclude Include="source\Menu.hpp">
      <Filter>Scripting\UI</Filter>
    </ClInclude>
    <ClInclude Include="source\MenuItem.hpp">
      <Filter>Scripting\UI</Filter>
    </ClInclude>
    <ClInclude Include="source\Viewport.hpp">
      <Filter>Scripting\UI</Filter>
    </ClInclude>
    <ClInclude Include="source\Scaleform.hpp">
      <Filter>Scripting</Filter>
    </ClInclude>
  </ItemGroup>
</Project>