<?xml version="1.0" encoding="utf-8"?>
<Project ToolsVersion="4.0" xmlns="http://schemas.microsoft.com/developer/msbuild/2003">
  <ItemGroup>
    <CsCompile Include="source\core\Console.cs" />
    <CsCompile Include="source\core\Log.cs" />
    <CsCompile Include="source\core\NativeFunc.cs" />
    <CsCompile Include="source\core\NativeMemory.cs" />
    <CsCompile Include="source\core\Script.cs" />
    <CsCompile Include="source\core\ScriptDomain.cs" />
    <CsCompile Include="source\core\StringMarshal.cs" />
  </ItemGroup>
  <ItemGroup>
    <ClCompile Include="source\core\DllMain.cpp" />
    <ClCompile Include="AssemblyInfo.cpp" />
  </ItemGroup>
  <ItemGroup>
    <ClInclude Include="resource.h" />
  </ItemGroup>
  <ItemGroup>
    <ResourceCompile Include="ScriptHookVDotNet.rc" />
  </ItemGroup>
</Project>