<?xml version="1.0" encoding="utf-8"?>
<Project ToolsVersion="4.0" xmlns="http://schemas.microsoft.com/developer/msbuild/2003">
  <ItemGroup>
    <Filter Include="Game">
      <UniqueIdentifier>{bac85dbf-8d0b-4740-816d-1bd0c1542fdd}</UniqueIdentifier>
    </Filter>
    <Filter Include="Math">
      <UniqueIdentifier>{56aa5d32-293c-45fc-ac7e-2fc6fd6d805b}</UniqueIdentifier>
    </Filter>
    <Filter Include="NaturalMotion">
      <UniqueIdentifier>{7d70b8bd-e3f7-4ac8-975f-9757c66b19bb}</UniqueIdentifier>
    </Filter>
    <Filter Include="UI">
      <UniqueIdentifier>{51ccc92a-d3bd-4c42-b9d7-afc6f95e520a}</UniqueIdentifier>
    </Filter>
    <Filter Include="World">
      <UniqueIdentifier>{428354b5-57e3-464b-bb2a-76121f7d78f1}</UniqueIdentifier>
    </Filter>
    <Filter Include="Properties">
      <UniqueIdentifier>{1aad37b8-d8ac-4c69-96f6-075cd5d351e4}</UniqueIdentifier>
    </Filter>
  </ItemGroup>
  <ItemGroup>
    <ClCompile Include="Math\Quaternion.cpp">
      <Filter>Math</Filter>
    </ClCompile>
    <ClCompile Include="Math\Matrix.cpp">
      <Filter>Math</Filter>
    </ClCompile>
    <ClCompile Include="Math\Vector2.cpp">
      <Filter>Math</Filter>
    </ClCompile>
    <ClCompile Include="Math\Vector3.cpp">
      <Filter>Math</Filter>
    </ClCompile>
    <ClCompile Include="UI\UI.cpp">
      <Filter>UI</Filter>
    </ClCompile>
    <ClCompile Include="UI\UIElement.cpp">
      <Filter>UI</Filter>
    </ClCompile>
    <ClCompile Include="World\Pickup.cpp">
      <Filter>World</Filter>
    </ClCompile>
    <ClCompile Include="World\Camera.cpp">
      <Filter>World</Filter>
    </ClCompile>
    <ClCompile Include="World\Blip.cpp">
      <Filter>World</Filter>
    </ClCompile>
    <ClCompile Include="World\Raycast.cpp">
      <Filter>World</Filter>
    </ClCompile>
    <ClCompile Include="World\World.cpp">
      <Filter>World</Filter>
    </ClCompile>
    <ClCompile Include="UI\Scaleform.cpp">
      <Filter>UI</Filter>
    </ClCompile>
    <ClCompile Include="World\Rope.cpp">
      <Filter>World</Filter>
    </ClCompile>
    <ClCompile Include="World\Tasks.cpp">
      <Filter>World</Filter>
    </ClCompile>
    <ClCompile Include="World\Weapon.cpp">
      <Filter>World</Filter>
    </ClCompile>
    <ClCompile Include="Game\Game.cpp">
      <Filter>Game</Filter>
    </ClCompile>
    <ClCompile Include="World\Entity.cpp">
      <Filter>World</Filter>
    </ClCompile>
    <ClCompile Include="World\Model.cpp">
      <Filter>World</Filter>
    </ClCompile>
    <ClCompile Include="World\Ped.cpp">
      <Filter>World</Filter>
    </ClCompile>
    <ClCompile Include="World\Player.cpp">
      <Filter>World</Filter>
    </ClCompile>
    <ClCompile Include="World\Vehicle.cpp">
      <Filter>World</Filter>
    </ClCompile>
    <ClCompile Include="NaturalMotion\Euphoria.cpp">
      <Filter>NaturalMotion</Filter>
    </ClCompile>
    <ClCompile Include="NaturalMotion\EuphoriaBase.cpp">
      <Filter>NaturalMotion</Filter>
    </ClCompile>
    <ClCompile Include="Game\Audio.cpp">
      <Filter>Game</Filter>
    </ClCompile>
    <ClCompile Include="UI\Menu.cpp">
      <Filter>UI</Filter>
    </ClCompile>
    <ClCompile Include="World\WeaponAsset.cpp">
      <Filter>World</Filter>
    </ClCompile>
    <ClCompile Include="Game\Native.cpp">
      <Filter>Game</Filter>
    </ClCompile>
    <ClCompile Include="Game\Script.cpp">
      <Filter>Game</Filter>
    </ClCompile>
    <ClCompile Include="Game\Settings.cpp">
      <Filter>Game</Filter>
    </ClCompile>
    <ClCompile Include="Properties\AssemblyInfo.cpp">
      <Filter>Properties</Filter>
    </ClCompile>
  </ItemGroup>
  <ItemGroup>
    <ClInclude Include="Math\Quaternion.hpp">
      <Filter>Math</Filter>
    </ClInclude>
    <ClInclude Include="Math\Matrix.hpp">
      <Filter>Math</Filter>
    </ClInclude>
    <ClInclude Include="Math\Vector2.hpp">
      <Filter>Math</Filter>
    </ClInclude>
    <ClInclude Include="Math\Vector3.hpp">
      <Filter>Math</Filter>
    </ClInclude>
    <ClInclude Include="UI\UIElement.hpp">
      <Filter>UI</Filter>
    </ClInclude>
    <ClInclude Include="UI\UI.hpp">
      <Filter>UI</Filter>
    </ClInclude>
    <ClInclude Include="World\Pickup.hpp">
      <Filter>World</Filter>
    </ClInclude>
    <ClInclude Include="World\Camera.hpp">
      <Filter>World</Filter>
    </ClInclude>
    <ClInclude Include="World\Blip.hpp">
      <Filter>World</Filter>
    </ClInclude>
    <ClInclude Include="World\Raycast.hpp">
      <Filter>World</Filter>
    </ClInclude>
    <ClInclude Include="World\World.hpp">
      <Filter>World</Filter>
    </ClInclude>
    <ClInclude Include="UI\Scaleform.hpp">
      <Filter>UI</Filter>
    </ClInclude>
    <ClInclude Include="World\Rope.hpp">
      <Filter>World</Filter>
    </ClInclude>
    <ClInclude Include="World\Tasks.hpp">
      <Filter>World</Filter>
    </ClInclude>
    <ClInclude Include="World\Weapon.hpp">
      <Filter>World</Filter>
    </ClInclude>
    <ClInclude Include="Game\Game.hpp">
      <Filter>Game</Filter>
    </ClInclude>
    <ClInclude Include="Game\Controls.hpp">
      <Filter>Game</Filter>
    </ClInclude>
    <ClInclude Include="World\Entity.hpp">
      <Filter>World</Filter>
    </ClInclude>
    <ClInclude Include="World\Model.hpp">
      <Filter>World</Filter>
    </ClInclude>
    <ClInclude Include="World\Ped.hpp">
      <Filter>World</Filter>
    </ClInclude>
    <ClInclude Include="World\PedHashes.hpp">
      <Filter>World</Filter>
    </ClInclude>
    <ClInclude Include="World\Player.hpp">
      <Filter>World</Filter>
    </ClInclude>
    <ClInclude Include="World\Prop.hpp">
      <Filter>World</Filter>
    </ClInclude>
    <ClInclude Include="World\Vehicle.hpp">
      <Filter>World</Filter>
    </ClInclude>
    <ClInclude Include="World\VehicleHashes.hpp">
      <Filter>World</Filter>
    </ClInclude>
    <ClInclude Include="World\WeaponHashes.hpp">
      <Filter>World</Filter>
    </ClInclude>
    <ClInclude Include="NaturalMotion\Euphoria.hpp">
      <Filter>NaturalMotion</Filter>
    </ClInclude>
    <ClInclude Include="NaturalMotion\EuphoriaBase.hpp">
      <Filter>NaturalMotion</Filter>
    </ClInclude>
    <ClInclude Include="NaturalMotion\EuphoriaHelpers.hpp">
      <Filter>NaturalMotion</Filter>
    </ClInclude>
    <ClInclude Include="Game\Audio.hpp">
      <Filter>Game</Filter>
    </ClInclude>
    <ClInclude Include="UI\Menu.hpp">
      <Filter>UI</Filter>
    </ClInclude>
    <ClInclude Include="World\WeaponAsset.hpp">
      <Filter>World</Filter>
    </ClInclude>
    <ClInclude Include="Game\Native.hpp">
      <Filter>Game</Filter>
    </ClInclude>
    <ClInclude Include="Game\NativeHashes.hpp">
      <Filter>Game</Filter>
    </ClInclude>
    <ClInclude Include="Game\Script.hpp">
      <Filter>Game</Filter>
    </ClInclude>
    <ClInclude Include="Game\Settings.hpp">
      <Filter>Game</Filter>
    </ClInclude>
    <ClInclude Include="Interface.hpp" />
  </ItemGroup>
</Project>